
Microsoft Visual Studio Solution File, Format Version 12.00
# Visual Studio 2013
VisualStudioVersion = 12.0.21005.1
MinimumVisualStudioVersion = 10.0.40219.1
Project("{8BC9CEB8-8B4A-11D0-8D11-00A0C91BC942}") = "Aufgabe_01.01", "Aufgabe_01.01\Aufgabe_01.01.vcxproj", "{65C3D639-77AC-4BD1-B7B5-9238F9FC84B1}"
EndProject
Global
	GlobalSection(SolutionConfigurationPlatforms) = preSolution
		Debug|Win32 = Debug|Win32
		Release|Win32 = Release|Win32
	EndGlobalSection
	GlobalSection(ProjectConfigurationPlatforms) = postSolution
		{65C3D639-77AC-4BD1-B7B5-9238F9FC84B1}.Debug|Win32.ActiveCfg = Debug|Win32
		{65C3D639-77AC-4BD1-B7B5-9238F9FC84B1}.Debug|Win32.Build.0 = Debug|Win32
		{65C3D639-77AC-4BD1-B7B5-9238F9FC84B1}.Release|Win32.ActiveCfg = Release|Win32
		{65C3D639-77AC-4BD1-B7B5-9238F9FC84B1}.Release|Win32.Build.0 = Release|Win32
	EndGlobalSection
	GlobalSection(SolutionProperties) = preSolution
		HideSolutionNode = FALSE
	EndGlobalSection
EndGlobal
